{
  "name": "Teammitty-team",
  "lockfileVersion": 3,
  "requires": true,
  "packages": {
    "": {
      "devDependencies": {
        "@types/morgan": "^1.9.5"
      }
    },
    "node_modules/@types/morgan": {
      "version": "1.9.5",
      "resolved": "https://registry.npmjs.org/@types/morgan/-/morgan-1.9.5.tgz",
      "integrity": "sha512-5TgfIWm0lcTGnbCZExwc19dCOMOMmAiiBZQj8Ko3NRxsVDgRxf+AEGRQTqNVA5Yh2xfdWp4clbAEMbYP+jkOqg==",
      "dev": true,
      "dependencies": {
        "@types/node": "*"
      }
    },
    "node_modules/@types/node": {
      "version": "20.6.5",
      "resolved": "https://registry.npmjs.org/@types/node/-/node-20.6.5.tgz",
      "integrity": "sha512-2qGq5LAOTh9izcc0+F+dToFigBWiK1phKPt7rNhOqJSr35y8rlIBjDwGtFSgAI6MGIhjwOVNSQZVdJsZJ2uR1w==",
      "dev": true
    }
  }
}
